
Microsoft Visual Studio Solution File, Format Version 12.00
# Visual Studio Version 17
VisualStudioVersion = 17.11.35222.181
MinimumVisualStudioVersion = 10.0.40219.1
Project("{9A19103F-16F7-4668-BE54-9A1E7A4F7556}") = "TodoListApp", "TodoListApp\TodoListApp.csproj", "{781219A8-EFE3-4882-A859-6F167DBCD63F}"
EndProject
Project("{FAE04EC0-301F-11D3-BF4B-00C04F79EFBC}") = "TodoListFrontend", "TodoListFrontend\TodoListFrontend.csproj", "{CCC8922A-7CBF-4DF8-8FD0-C77E2D213131}"
EndProject
Global
	GlobalSection(SolutionConfigurationPlatforms) = preSolution
		Debug|Any CPU = Debug|Any CPU
		Release|Any CPU = Release|Any CPU
	EndGlobalSection
	GlobalSection(ProjectConfigurationPlatforms) = postSolution
		{781219A8-EFE3-4882-A859-6F167DBCD63F}.Debug|Any CPU.ActiveCfg = Debug|Any CPU
		{781219A8-EFE3-4882-A859-6F167DBCD63F}.Debug|Any CPU.Build.0 = Debug|Any CPU
		{781219A8-EFE3-4882-A859-6F167DBCD63F}.Release|Any CPU.ActiveCfg = Release|Any CPU
		{781219A8-EFE3-4882-A859-6F167DBCD63F}.Release|Any CPU.Build.0 = Release|Any CPU
		{CCC8922A-7CBF-4DF8-8FD0-C77E2D213131}.Debug|Any CPU.ActiveCfg = Debug|Any CPU
		{CCC8922A-7CBF-4DF8-8FD0-C77E2D213131}.Debug|Any CPU.Build.0 = Debug|Any CPU
		{CCC8922A-7CBF-4DF8-8FD0-C77E2D213131}.Release|Any CPU.ActiveCfg = Release|Any CPU
		{CCC8922A-7CBF-4DF8-8FD0-C77E2D213131}.Release|Any CPU.Build.0 = Release|Any CPU
	EndGlobalSection
	GlobalSection(SolutionProperties) = preSolution
		HideSolutionNode = FALSE
	EndGlobalSection
	GlobalSection(ExtensibilityGlobals) = postSolution
		SolutionGuid = {7F526595-170D-4E0B-81DB-DAE23F9C61AF}
	EndGlobalSection
EndGlobal
